// !$*UTF8*$!
{
	archiveVersion = 1;
	classes = {
	};
	objectVersion = 55;
	objects = {

/* Begin PBXBuildFile section */
		AD89044328AB7B7E002ADCF0 /* OLFramework.docc in Sources */ = {isa = PBXBuildFile; fileRef = AD89044228AB7B7E002ADCF0 /* OLFramework.docc */; };
		AD89044928AB7B7E002ADCF0 /* OLFramework.framework in Frameworks */ = {isa = PBXBuildFile; fileRef = AD89043E28AB7B7E002ADCF0 /* OLFramework.framework */; };
		AD89044E28AB7B7E002ADCF0 /* OLFrameworkTests.swift in Sources */ = {isa = PBXBuildFile; fileRef = AD89044D28AB7B7E002ADCF0 /* OLFrameworkTests.swift */; };
		AD89044F28AB7B7E002ADCF0 /* OLFramework.h in Headers */ = {isa = PBXBuildFile; fileRef = AD89044128AB7B7E002ADCF0 /* OLFramework.h */; settings = {ATTRIBUTES = (Public, ); }; };
		AD89045928AB7BAC002ADCF0 /* ReusableProtocol.swift in Sources */ = {isa = PBXBuildFile; fileRef = AD89045828AB7BAC002ADCF0 /* ReusableProtocol.swift */; };
		AD89045B28AB82D5002ADCF0 /* TransitionStyle.swift in Sources */ = {isa = PBXBuildFile; fileRef = AD89045A28AB82D5002ADCF0 /* TransitionStyle.swift */; };
		AD89045D28AB845A002ADCF0 /* ActivityViewController.swift in Sources */ = {isa = PBXBuildFile; fileRef = AD89045C28AB845A002ADCF0 /* ActivityViewController.swift */; };
		AD89045F28AB84B4002ADCF0 /* ConstraintsWithCode.swift in Sources */ = {isa = PBXBuildFile; fileRef = AD89045E28AB84B4002ADCF0 /* ConstraintsWithCode.swift */; };
		AD89046128AB84F0002ADCF0 /* RoundCorners.swift in Sources */ = {isa = PBXBuildFile; fileRef = AD89046028AB84F0002ADCF0 /* RoundCorners.swift */; };
		AD8904AC28ABB72E002ADCF0 /* UserDefaultsHelper.swift in Sources */ = {isa = PBXBuildFile; fileRef = AD8904AB28ABB72E002ADCF0 /* UserDefaultsHelper.swift */; };
/* End PBXBuildFile section */

/* Begin PBXContainerItemProxy section */
		AD89044A28AB7B7E002ADCF0 /* PBXContainerItemProxy */ = {
			isa = PBXContainerItemProxy;
			containerPortal = AD89043528AB7B7E002ADCF0 /* Project object */;
			proxyType = 1;
			remoteGlobalIDString = AD89043D28AB7B7E002ADCF0;
			remoteInfo = OLFramework;
		};
/* End PBXContainerItemProxy section */

/* Begin PBXFileReference section */
		AD89043E28AB7B7E002ADCF0 /* OLFramework.framework */ = {isa = PBXFileReference; explicitFileType = wrapper.framework; includeInIndex = 0; path = OLFramework.framework; sourceTree = BUILT_PRODUCTS_DIR; };
		AD89044128AB7B7E002ADCF0 /* OLFramework.h */ = {isa = PBXFileReference; lastKnownFileType = sourcecode.c.h; path = OLFramework.h; sourceTree = "<group>"; };
		AD89044228AB7B7E002ADCF0 /* OLFramework.docc */ = {isa = PBXFileReference; lastKnownFileType = folder.documentationcatalog; path = OLFramework.docc; sourceTree = "<group>"; };
		AD89044828AB7B7E002ADCF0 /* OLFrameworkTests.xctest */ = {isa = PBXFileReference; explicitFileType = wrapper.cfbundle; includeInIndex = 0; path = OLFrameworkTests.xctest; sourceTree = BUILT_PRODUCTS_DIR; };
		AD89044D28AB7B7E002ADCF0 /* OLFrameworkTests.swift */ = {isa = PBXFileReference; lastKnownFileType = sourcecode.swift; path = OLFrameworkTests.swift; sourceTree = "<group>"; };
		AD89045828AB7BAC002ADCF0 /* ReusableProtocol.swift */ = {isa = PBXFileReference; lastKnownFileType = sourcecode.swift; path = ReusableProtocol.swift; sourceTree = "<group>"; };
		AD89045A28AB82D5002ADCF0 /* TransitionStyle.swift */ = {isa = PBXFileReference; lastKnownFileType = sourcecode.swift; path = TransitionStyle.swift; sourceTree = "<group>"; };
		AD89045C28AB845A002ADCF0 /* ActivityViewController.swift */ = {isa = PBXFileReference; lastKnownFileType = sourcecode.swift; path = ActivityViewController.swift; sourceTree = "<group>"; };
		AD89045E28AB84B4002ADCF0 /* ConstraintsWithCode.swift */ = {isa = PBXFileReference; lastKnownFileType = sourcecode.swift; path = ConstraintsWithCode.swift; sourceTree = "<group>"; };
		AD89046028AB84F0002ADCF0 /* RoundCorners.swift */ = {isa = PBXFileReference; lastKnownFileType = sourcecode.swift; path = RoundCorners.swift; sourceTree = "<group>"; };
		AD8904AB28ABB72E002ADCF0 /* UserDefaultsHelper.swift */ = {isa = PBXFileReference; lastKnownFileType = sourcecode.swift; path = UserDefaultsHelper.swift; sourceTree = "<group>"; };
/* End PBXFileReference section */

/* Begin PBXFrameworksBuildPhase section */
		AD89043B28AB7B7E002ADCF0 /* Frameworks */ = {
			isa = PBXFrameworksBuildPhase;
			buildActionMask = 2147483647;
			files = (
			);
			runOnlyForDeploymentPostprocessing = 0;
		};
		AD89044528AB7B7E002ADCF0 /* Frameworks */ = {
			isa = PBXFrameworksBuildPhase;
			buildActionMask = 2147483647;
			files = (
				AD89044928AB7B7E002ADCF0 /* OLFramework.framework in Frameworks */,
			);
			runOnlyForDeploymentPostprocessing = 0;
		};
/* End PBXFrameworksBuildPhase section */

/* Begin PBXGroup section */
		AD89043428AB7B7E002ADCF0 = {
			isa = PBXGroup;
			children = (
				AD89044028AB7B7E002ADCF0 /* OLFramework */,
				AD89044C28AB7B7E002ADCF0 /* OLFrameworkTests */,
				AD89043F28AB7B7E002ADCF0 /* Products */,
			);
			sourceTree = "<group>";
		};
		AD89043F28AB7B7E002ADCF0 /* Products */ = {
			isa = PBXGroup;
			children = (
				AD89043E28AB7B7E002ADCF0 /* OLFramework.framework */,
				AD89044828AB7B7E002ADCF0 /* OLFrameworkTests.xctest */,
			);
			name = Products;
			sourceTree = "<group>";
		};
		AD89044028AB7B7E002ADCF0 /* OLFramework */ = {
			isa = PBXGroup;
			children = (
				AD89044128AB7B7E002ADCF0 /* OLFramework.h */,
				AD89044228AB7B7E002ADCF0 /* OLFramework.docc */,
				AD89045828AB7BAC002ADCF0 /* ReusableProtocol.swift */,
				AD89045A28AB82D5002ADCF0 /* TransitionStyle.swift */,
				AD89045C28AB845A002ADCF0 /* ActivityViewController.swift */,
				AD89045E28AB84B4002ADCF0 /* ConstraintsWithCode.swift */,
				AD89046028AB84F0002ADCF0 /* RoundCorners.swift */,
				AD8904AB28ABB72E002ADCF0 /* UserDefaultsHelper.swift */,
			);
			path = OLFramework;
			sourceTree = "<group>";
		};
		AD89044C28AB7B7E002ADCF0 /* OLFrameworkTests */ = {
			isa = PBXGroup;
			children = (
				AD89044D28AB7B7E002ADCF0 /* OLFrameworkTests.swift */,
			);
			path = OLFrameworkTests;
			sourceTree = "<group>";
		};
/* End PBXGroup section */

/* Begin PBXHeadersBuildPhase section */
		AD89043928AB7B7E002ADCF0 /* Headers */ = {
			isa = PBXHeadersBuildPhase;
			buildActionMask = 2147483647;
			files = (
				AD89044F28AB7B7E002ADCF0 /* OLFramework.h in Headers */,
			);
			runOnlyForDeploymentPostprocessing = 0;
		};
/* End PBXHeadersBuildPhase section */

/* Begin PBXNativeTarget section */
		AD89043D28AB7B7E002ADCF0 /* OLFramework */ = {
			isa = PBXNativeTarget;
			buildConfigurationList = AD89045228AB7B7E002ADCF0 /* Build configuration list for PBXNativeTarget "OLFramework" */;
			buildPhases = (
				AD89043928AB7B7E002ADCF0 /* Headers */,
				AD89043A28AB7B7E002ADCF0 /* Sources */,
				AD89043B28AB7B7E002ADCF0 /* Frameworks */,
				AD89043C28AB7B7E002ADCF0 /* Resources */,
			);
			buildRules = (
			);
			dependencies = (
			);
			name = OLFramework;
			productName = OLFramework;
			productReference = AD89043E28AB7B7E002ADCF0 /* OLFramework.framework */;
			productType = "com.apple.product-type.framework";
		};
		AD89044728AB7B7E002ADCF0 /* OLFrameworkTests */ = {
			isa = PBXNativeTarget;
			buildConfigurationList = AD89045528AB7B7E002ADCF0 /* Build configuration list for PBXNativeTarget "OLFrameworkTests" */;
			buildPhases = (
				AD89044428AB7B7E002ADCF0 /* Sources */,
				AD89044528AB7B7E002ADCF0 /* Frameworks */,
				AD89044628AB7B7E002ADCF0 /* Resources */,
			);
			buildRules = (
			);
			dependencies = (
				AD89044B28AB7B7E002ADCF0 /* PBXTargetDependency */,
			);
			name = OLFrameworkTests;
			productName = OLFrameworkTests;
			productReference = AD89044828AB7B7E002ADCF0 /* OLFrameworkTests.xctest */;
			productType = "com.apple.product-type.bundle.unit-test";
		};
/* End PBXNativeTarget section */

/* Begin PBXProject section */
		AD89043528AB7B7E002ADCF0 /* Project object */ = {
			isa = PBXProject;
			attributes = {
				BuildIndependentTargetsInParallel = 1;
				LastSwiftUpdateCheck = 1340;
				LastUpgradeCheck = 1340;
				TargetAttributes = {
					AD89043D28AB7B7E002ADCF0 = {
						CreatedOnToolsVersion = 13.4.1;
					};
					AD89044728AB7B7E002ADCF0 = {
						CreatedOnToolsVersion = 13.4.1;
					};
				};
			};
			buildConfigurationList = AD89043828AB7B7E002ADCF0 /* Build configuration list for PBXProject "OLFramework" */;
			compatibilityVersion = "Xcode 13.0";
			developmentRegion = en;
			hasScannedForEncodings = 0;
			knownRegions = (
				en,
				Base,
			);
			mainGroup = AD89043428AB7B7E002ADCF0;
			productRefGroup = AD89043F28AB7B7E002ADCF0 /* Products */;
			projectDirPath = "";
			projectRoot = "";
			targets = (
				AD89043D28AB7B7E002ADCF0 /* OLFramework */,
				AD89044728AB7B7E002ADCF0 /* OLFrameworkTests */,
			);
		};
/* End PBXProject section */

/* Begin PBXResourcesBuildPhase section */
		AD89043C28AB7B7E002ADCF0 /* Resources */ = {
			isa = PBXResourcesBuildPhase;
			buildActionMask = 2147483647;
			files = (
			);
			runOnlyForDeploymentPostprocessing = 0;
		};
		AD89044628AB7B7E002ADCF0 /* Resources */ = {
			isa = PBXResourcesBuildPhase;
			buildActionMask = 2147483647;
			files = (
			);
			runOnlyForDeploymentPostprocessing = 0;
		};
/* End PBXResourcesBuildPhase section */

/* Begin PBXSourcesBuildPhase section */
		AD89043A28AB7B7E002ADCF0 /* Sources */ = {
			isa = PBXSourcesBuildPhase;
			buildActionMask = 2147483647;
			files = (
				AD8904AC28ABB72E002ADCF0 /* UserDefaultsHelper.swift in Sources */,
				AD89045928AB7BAC002ADCF0 /* ReusableProtocol.swift in Sources */,
				AD89045F28AB84B4002ADCF0 /* ConstraintsWithCode.swift in Sources */,
				AD89045B28AB82D5002ADCF0 /* TransitionStyle.swift in Sources */,
				AD89044328AB7B7E002ADCF0 /* OLFramework.docc in Sources */,
				AD89045D28AB845A002ADCF0 /* ActivityViewController.swift in Sources */,
				AD89046128AB84F0002ADCF0 /* RoundCorners.swift in Sources */,
			);
			runOnlyForDeploymentPostprocessing = 0;
		};
		AD89044428AB7B7E002ADCF0 /* Sources */ = {
			isa = PBXSourcesBuildPhase;
			buildActionMask = 2147483647;
			files = (
				AD89044E28AB7B7E002ADCF0 /* OLFrameworkTests.swift in Sources */,
			);
			runOnlyForDeploymentPostprocessing = 0;
		};
/* End PBXSourcesBuildPhase section */

/* Begin PBXTargetDependency section */
		AD89044B28AB7B7E002ADCF0 /* PBXTargetDependency */ = {
			isa = PBXTargetDependency;
			target = AD89043D28AB7B7E002ADCF0 /* OLFramework */;
			targetProxy = AD89044A28AB7B7E002ADCF0 /* PBXContainerItemProxy */;
		};
/* End PBXTargetDependency section */

/* Begin XCBuildConfiguration section */
		AD89045028AB7B7E002ADCF0 /* Debug */ = {
			isa = XCBuildConfiguration;
			buildSettings = {
				ALWAYS_SEARCH_USER_PATHS = NO;
				CLANG_ANALYZER_NONNULL = YES;
				CLANG_ANALYZER_NUMBER_OBJECT_CONVERSION = YES_AGGRESSIVE;
				CLANG_CXX_LANGUAGE_STANDARD = "gnu++17";
				CLANG_ENABLE_MODULES = YES;
				CLANG_ENABLE_OBJC_ARC = YES;
				CLANG_ENABLE_OBJC_WEAK = YES;
				CLANG_WARN_BLOCK_CAPTURE_AUTORELEASING = YES;
				CLANG_WARN_BOOL_CONVERSION = YES;
				CLANG_WARN_COMMA = YES;
				CLANG_WARN_CONSTANT_CONVERSION = YES;
				CLANG_WARN_DEPRECATED_OBJC_IMPLEMENTATIONS = YES;
				CLANG_WARN_DIRECT_OBJC_ISA_USAGE = YES_ERROR;
				CLANG_WARN_DOCUMENTATION_COMMENTS = YES;
				CLANG_WARN_EMPTY_BODY = YES;
				CLANG_WARN_ENUM_CONVERSION = YES;
				CLANG_WARN_INFINITE_RECURSION = YES;
				CLANG_WARN_INT_CONVERSION = YES;
				CLANG_WARN_NON_LITERAL_NULL_CONVERSION = YES;
				CLANG_WARN_OBJC_IMPLICIT_RETAIN_SELF = YES;
				CLANG_WARN_OBJC_LITERAL_CONVERSION = YES;
				CLANG_WARN_OBJC_ROOT_CLASS = YES_ERROR;
				CLANG_WARN_QUOTED_INCLUDE_IN_FRAMEWORK_HEADER = YES;
				CLANG_WARN_RANGE_LOOP_ANALYSIS = YES;
				CLANG_WARN_STRICT_PROTOTYPES = YES;
				CLANG_WARN_SUSPICIOUS_MOVE = YES;
				CLANG_WARN_UNGUARDED_AVAILABILITY = YES_AGGRESSIVE;
				CLANG_WARN_UNREACHABLE_CODE = YES;
				CLANG_WARN__DUPLICATE_METHOD_MATCH = YES;
				COPY_PHASE_STRIP = NO;
				CURRENT_PROJECT_VERSION = 1;
				DEBUG_INFORMATION_FORMAT = dwarf;
				ENABLE_STRICT_OBJC_MSGSEND = YES;
				ENABLE_TESTABILITY = YES;
				GCC_C_LANGUAGE_STANDARD = gnu11;
				GCC_DYNAMIC_NO_PIC = NO;
				GCC_NO_COMMON_BLOCKS = YES;
				GCC_OPTIMIZATION_LEVEL = 0;
				GCC_PREPROCESSOR_DEFINITIONS = (
					"DEBUG=1",
					"$(inherited)",
				);
				GCC_WARN_64_TO_32_BIT_CONVERSION = YES;
				GCC_WARN_ABOUT_RETURN_TYPE = YES_ERROR;
				GCC_WARN_UNDECLARED_SELECTOR = YES;
				GCC_WARN_UNINITIALIZED_AUTOS = YES_AGGRESSIVE;
				GCC_WARN_UNUSED_FUNCTION = YES;
				GCC_WARN_UNUSED_VARIABLE = YES;
				IPHONEOS_DEPLOYMENT_TARGET = 15.5;
				MTL_ENABLE_DEBUG_INFO = INCLUDE_SOURCE;
				MTL_FAST_MATH = YES;
				ONLY_ACTIVE_ARCH = YES;
				SDKROOT = iphoneos;
				SWIFT_ACTIVE_COMPILATION_CONDITIONS = DEBUG;
				SWIFT_OPTIMIZATION_LEVEL = "-Onone";
				VERSIONING_SYSTEM = "apple-generic";
				VERSION_INFO_PREFIX = "";
			};
			name = Debug;
		};
		AD89045128AB7B7E002ADCF0 /* Release */ = {
			isa = XCBuildConfiguration;
			buildSettings = {
				ALWAYS_SEARCH_USER_PATHS = NO;
				CLANG_ANALYZER_NONNULL = YES;
				CLANG_ANALYZER_NUMBER_OBJECT_CONVERSION = YES_AGGRESSIVE;
				CLANG_CXX_LANGUAGE_STANDARD = "gnu++17";
				CLANG_ENABLE_MODULES = YES;
				CLANG_ENABLE_OBJC_ARC = YES;
				CLANG_ENABLE_OBJC_WEAK = YES;
				CLANG_WARN_BLOCK_CAPTURE_AUTORELEASING = YES;
				CLANG_WARN_BOOL_CONVERSION = YES;
				CLANG_WARN_COMMA = YES;
				CLANG_WARN_CONSTANT_CONVERSION = YES;
				CLANG_WARN_DEPRECATED_OBJC_IMPLEMENTATIONS = YES;
				CLANG_WARN_DIRECT_OBJC_ISA_USAGE = YES_ERROR;
				CLANG_WARN_DOCUMENTATION_COMMENTS = YES;
				CLANG_WARN_EMPTY_BODY = YES;
				CLANG_WARN_ENUM_CONVERSION = YES;
				CLANG_WARN_INFINITE_RECURSION = YES;
				CLANG_WARN_INT_CONVERSION = YES;
				CLANG_WARN_NON_LITERAL_NULL_CONVERSION = YES;
				CLANG_WARN_OBJC_IMPLICIT_RETAIN_SELF = YES;
				CLANG_WARN_OBJC_LITERAL_CONVERSION = YES;
				CLANG_WARN_OBJC_ROOT_CLASS = YES_ERROR;
				CLANG_WARN_QUOTED_INCLUDE_IN_FRAMEWORK_HEADER = YES;
				CLANG_WARN_RANGE_LOOP_ANALYSIS = YES;
				CLANG_WARN_STRICT_PROTOTYPES = YES;
				CLANG_WARN_SUSPICIOUS_MOVE = YES;
				CLANG_WARN_UNGUARDED_AVAILABILITY = YES_AGGRESSIVE;
				CLANG_WARN_UNREACHABLE_CODE = YES;
				CLANG_WARN__DUPLICATE_METHOD_MATCH = YES;
				COPY_PHASE_STRIP = NO;
				CURRENT_PROJECT_VERSION = 1;
				DEBUG_INFORMATION_FORMAT = "dwarf-with-dsym";
				ENABLE_NS_ASSERTIONS = NO;
				ENABLE_STRICT_OBJC_MSGSEND = YES;
				GCC_C_LANGUAGE_STANDARD = gnu11;
				GCC_NO_COMMON_BLOCKS = YES;
				GCC_WARN_64_TO_32_BIT_CONVERSION = YES;
				GCC_WARN_ABOUT_RETURN_TYPE = YES_ERROR;
				GCC_WARN_UNDECLARED_SELECTOR = YES;
				GCC_WARN_UNINITIALIZED_AUTOS = YES_AGGRESSIVE;
				GCC_WARN_UNUSED_FUNCTION = YES;
				GCC_WARN_UNUSED_VARIABLE = YES;
				IPHONEOS_DEPLOYMENT_TARGET = 15.5;
				MTL_ENABLE_DEBUG_INFO = NO;
				MTL_FAST_MATH = YES;
				SDKROOT = iphoneos;
				SWIFT_COMPILATION_MODE = wholemodule;
				SWIFT_OPTIMIZATION_LEVEL = "-O";
				VALIDATE_PRODUCT = YES;
				VERSIONING_SYSTEM = "apple-generic";
				VERSION_INFO_PREFIX = "";
			};
			name = Release;
		};
		AD89045328AB7B7E002ADCF0 /* Debug */ = {
			isa = XCBuildConfiguration;
			buildSettings = {
				CODE_SIGN_STYLE = Automatic;
				CURRENT_PROJECT_VERSION = 1;
				DEFINES_MODULE = YES;
				DEVELOPMENT_TEAM = DLA597KS3F;
				DYLIB_COMPATIBILITY_VERSION = 1;
				DYLIB_CURRENT_VERSION = 1;
				DYLIB_INSTALL_NAME_BASE = "@rpath";
				GENERATE_INFOPLIST_FILE = YES;
				INFOPLIST_KEY_NSHumanReadableCopyright = "";
				INSTALL_PATH = "$(LOCAL_LIBRARY_DIR)/Frameworks";
				IPHONEOS_DEPLOYMENT_TARGET = 13.0;
				LD_RUNPATH_SEARCH_PATHS = (
					"$(inherited)",
					"@executable_path/Frameworks",
					"@loader_path/Frameworks",
				);
				MARKETING_VERSION = 1.0;
				PRODUCT_BUNDLE_IDENTIFIER = com.jhee.OLFramework;
				PRODUCT_NAME = "$(TARGET_NAME:c99extidentifier)";
				SKIP_INSTALL = YES;
				SWIFT_EMIT_LOC_STRINGS = YES;
				SWIFT_VERSION = 5.0;
				TARGETED_DEVICE_FAMILY = "1,2";
			};
			name = Debug;
		};
		AD89045428AB7B7E002ADCF0 /* Release */ = {
			isa = XCBuildConfiguration;
			buildSettings = {
				CODE_SIGN_STYLE = Automatic;
				CURRENT_PROJECT_VERSION = 1;
				DEFINES_MODULE = YES;
				DEVELOPMENT_TEAM = DLA597KS3F;
				DYLIB_COMPATIBILITY_VERSION = 1;
				DYLIB_CURRENT_VERSION = 1;
				DYLIB_INSTALL_NAME_BASE = "@rpath";
				GENERATE_INFOPLIST_FILE = YES;
				INFOPLIST_KEY_NSHumanReadableCopyright = "";
				INSTALL_PATH = "$(LOCAL_LIBRARY_DIR)/Frameworks";
				IPHONEOS_DEPLOYMENT_TARGET = 13.0;
				LD_RUNPATH_SEARCH_PATHS = (
					"$(inherited)",
					"@executable_path/Frameworks",
					"@loader_path/Frameworks",
				);
				MARKETING_VERSION = 1.0;
				PRODUCT_BUNDLE_IDENTIFIER = com.jhee.OLFramework;
				PRODUCT_NAME = "$(TARGET_NAME:c99extidentifier)";
				SKIP_INSTALL = YES;
				SWIFT_EMIT_LOC_STRINGS = YES;
				SWIFT_VERSION = 5.0;
				TARGETED_DEVICE_FAMILY = "1,2";
			};
			name = Release;
		};
		AD89045628AB7B7E002ADCF0 /* Debug */ = {
			isa = XCBuildConfiguration;
			buildSettings = {
				ALWAYS_EMBED_SWIFT_STANDARD_LIBRARIES = YES;
				CODE_SIGN_STYLE = Automatic;
				CURRENT_PROJECT_VERSION = 1;
				DEVELOPMENT_TEAM = DLA597KS3F;
				GENERATE_INFOPLIST_FILE = YES;
				MARKETING_VERSION = 1.0;
				PRODUCT_BUNDLE_IDENTIFIER = com.jhee.OLFrameworkTests;
				PRODUCT_NAME = "$(TARGET_NAME)";
				SWIFT_EMIT_LOC_STRINGS = NO;
				SWIFT_VERSION = 5.0;
				TARGETED_DEVICE_FAMILY = "1,2";
			};
			name = Debug;
		};
		AD89045728AB7B7E002ADCF0 /* Release */ = {
			isa = XCBuildConfiguration;
			buildSettings = {
				ALWAYS_EMBED_SWIFT_STANDARD_LIBRARIES = YES;
				CODE_SIGN_STYLE = Automatic;
				CURRENT_PROJECT_VERSION = 1;
				DEVELOPMENT_TEAM = DLA597KS3F;
				GENERATE_INFOPLIST_FILE = YES;
				MARKETING_VERSION = 1.0;
				PRODUCT_BUNDLE_IDENTIFIER = com.jhee.OLFrameworkTests;
				PRODUCT_NAME = "$(TARGET_NAME)";
				SWIFT_EMIT_LOC_STRINGS = NO;
				SWIFT_VERSION = 5.0;
				TARGETED_DEVICE_FAMILY = "1,2";
			};
			name = Release;
		};
/* End XCBuildConfiguration section */

/* Begin XCConfigurationList section */
		AD89043828AB7B7E002ADCF0 /* Build configuration list for PBXProject "OLFramework" */ = {
			isa = XCConfigurationList;
			buildConfigurations = (
				AD89045028AB7B7E002ADCF0 /* Debug */,
				AD89045128AB7B7E002ADCF0 /* Release */,
			);
			defaultConfigurationIsVisible = 0;
			defaultConfigurationName = Release;
		};
		AD89045228AB7B7E002ADCF0 /* Build configuration list for PBXNativeTarget "OLFramework" */ = {
			isa = XCConfigurationList;
			buildConfigurations = (
				AD89045328AB7B7E002ADCF0 /* Debug */,
				AD89045428AB7B7E002ADCF0 /* Release */,
			);
			defaultConfigurationIsVisible = 0;
			defaultConfigurationName = Release;
		};
		AD89045528AB7B7E002ADCF0 /* Build configuration list for PBXNativeTarget "OLFrameworkTests" */ = {
			isa = XCConfigurationList;
			buildConfigurations = (
				AD89045628AB7B7E002ADCF0 /* Debug */,
				AD89045728AB7B7E002ADCF0 /* Release */,
			);
			defaultConfigurationIsVisible = 0;
			defaultConfigurationName = Release;
		};
/* End XCConfigurationList section */
	};
	rootObject = AD89043528AB7B7E002ADCF0 /* Project object */;
}
